
Microsoft Visual Studio Solution File, Format Version 12.00
# Visual Studio Version 16
VisualStudioVersion = 17.0.31611.283
MinimumVisualStudioVersion = 10.0.40219.1
Project("{9A19103F-16F7-4668-BE54-9A1E7A4F7556}") = "PanCardViewSample", "PanCardViewSample\PanCardViewSample.csproj", "{ABC45879-5868-4904-BFF3-1C18904039B4}"
EndProject
Project("{FAE04EC0-301F-11D3-BF4B-00C04F79EFBC}") = "PanCardView", "..\PanCardView\PanCardView.csproj", "{C8339881-377F-4DC8-9B29-14C21C9F8539}"
EndProject
Global
	GlobalSection(SolutionConfigurationPlatforms) = preSolution
		Debug|Any CPU = Debug|Any CPU
		Release|Any CPU = Release|Any CPU
	EndGlobalSection
	GlobalSection(ProjectConfigurationPlatforms) = postSolution
		{ABC45879-5868-4904-BFF3-1C18904039B4}.Debug|Any CPU.ActiveCfg = Debug|Any CPU
		{ABC45879-5868-4904-BFF3-1C18904039B4}.Debug|Any CPU.Build.0 = Debug|Any CPU
		{ABC45879-5868-4904-BFF3-1C18904039B4}.Debug|Any CPU.Deploy.0 = Debug|Any CPU
		{ABC45879-5868-4904-BFF3-1C18904039B4}.Release|Any CPU.ActiveCfg = Release|Any CPU
		{ABC45879-5868-4904-BFF3-1C18904039B4}.Release|Any CPU.Build.0 = Release|Any CPU
		{ABC45879-5868-4904-BFF3-1C18904039B4}.Release|Any CPU.Deploy.0 = Release|Any CPU
		{C8339881-377F-4DC8-9B29-14C21C9F8539}.Debug|Any CPU.ActiveCfg = Debug|Any CPU
		{C8339881-377F-4DC8-9B29-14C21C9F8539}.Debug|Any CPU.Build.0 = Debug|Any CPU
		{C8339881-377F-4DC8-9B29-14C21C9F8539}.Release|Any CPU.ActiveCfg = Release|Any CPU
		{C8339881-377F-4DC8-9B29-14C21C9F8539}.Release|Any CPU.Build.0 = Release|Any CPU
	EndGlobalSection
	GlobalSection(SolutionProperties) = preSolution
		HideSolutionNode = FALSE
	EndGlobalSection
	GlobalSection(ExtensibilityGlobals) = postSolution
		SolutionGuid = {61F7FB11-1E47-470C-91E2-47F8143E1572}
	EndGlobalSection
EndGlobal
